
Microsoft Visual Studio Solution File, Format Version 12.00
# Visual Studio Version 17
VisualStudioVersion = 17.5.33516.290
MinimumVisualStudioVersion = 10.0.40219.1
Project("{FAE04EC0-301F-11D3-BF4B-00C04F79EFBC}") = "OtoServisSatis.WindowsApp", "OtoServisSatis.WindowsApp\OtoServisSatis.WindowsApp.csproj", "{1073072A-3DDD-4B50-96A8-205CE34D7519}"
EndProject
Project("{FAE04EC0-301F-11D3-BF4B-00C04F79EFBC}") = "OtoServisSatis.Entities", "OtoServisSatis.Entities\OtoServisSatis.Entities.csproj", "{67C2FAE9-1BCC-4DAD-8F9D-0A0FD506ADA1}"
EndProject
Global
	GlobalSection(SolutionConfigurationPlatforms) = preSolution
		Debug|Any CPU = Debug|Any CPU
		Release|Any CPU = Release|Any CPU
	EndGlobalSection
	GlobalSection(ProjectConfigurationPlatforms) = postSolution
		{1073072A-3DDD-4B50-96A8-205CE34D7519}.Debug|Any CPU.ActiveCfg = Debug|Any CPU
		{1073072A-3DDD-4B50-96A8-205CE34D7519}.Debug|Any CPU.Build.0 = Debug|Any CPU
		{1073072A-3DDD-4B50-96A8-205CE34D7519}.Release|Any CPU.ActiveCfg = Release|Any CPU
		{1073072A-3DDD-4B50-96A8-205CE34D7519}.Release|Any CPU.Build.0 = Release|Any CPU
		{67C2FAE9-1BCC-4DAD-8F9D-0A0FD506ADA1}.Debug|Any CPU.ActiveCfg = Debug|Any CPU
		{67C2FAE9-1BCC-4DAD-8F9D-0A0FD506ADA1}.Debug|Any CPU.Build.0 = Debug|Any CPU
		{67C2FAE9-1BCC-4DAD-8F9D-0A0FD506ADA1}.Release|Any CPU.ActiveCfg = Release|Any CPU
		{67C2FAE9-1BCC-4DAD-8F9D-0A0FD506ADA1}.Release|Any CPU.Build.0 = Release|Any CPU
	EndGlobalSection
	GlobalSection(SolutionProperties) = preSolution
		HideSolutionNode = FALSE
	EndGlobalSection
	GlobalSection(ExtensibilityGlobals) = postSolution
		SolutionGuid = {679A80FA-4BB1-4C99-803F-4BF815E20AB4}
	EndGlobalSection
EndGlobal
